// !$*UTF8*$!
{
	archiveVersion = 1;
	classes = {
	};
	objectVersion = 51;
	objects = {

/* Begin PBXBuildFile section */
		0513C37023E99FFE00E01966 /* MenuTools.swift in Sources */ = {isa = PBXBuildFile; fileRef = 0513C36F23E99FFE00E01966 /* MenuTools.swift */; };
		0532770B23FC12D5002DC1BF /* JuvenesMenu.swift in Sources */ = {isa = PBXBuildFile; fileRef = 0532770A23FC12D5002DC1BF /* JuvenesMenu.swift */; };
		05363E9323E174EE00629FA6 /* Colors.xcassets in Resources */ = {isa = PBXBuildFile; fileRef = 05363E9223E174EE00629FA6 /* Colors.xcassets */; };
		053A4AC023AD0B38008262BB /* MenuCell.swift in Sources */ = {isa = PBXBuildFile; fileRef = 053A4ABF23AD0B38008262BB /* MenuCell.swift */; };
		053F3FA9239FEECE00A30F6E /* AppDelegate.swift in Sources */ = {isa = PBXBuildFile; fileRef = 053F3FA8239FEECE00A30F6E /* AppDelegate.swift */; };
		053F3FB2239FEECF00A30F6E /* Preview Assets.xcassets in Resources */ = {isa = PBXBuildFile; fileRef = 053F3FB1239FEECF00A30F6E /* Preview Assets.xcassets */; };
		053F3FB5239FEECF00A30F6E /* LaunchScreen.storyboard in Resources */ = {isa = PBXBuildFile; fileRef = 053F3FB3239FEECF00A30F6E /* LaunchScreen.storyboard */; };
		053F3FBD239FEFDD00A30F6E /* CustomTabBarController.swift in Sources */ = {isa = PBXBuildFile; fileRef = 053F3FBC239FEFDD00A30F6E /* CustomTabBarController.swift */; };
		053F3FBF239FF03700A30F6E /* CentrumViewController.swift in Sources */ = {isa = PBXBuildFile; fileRef = 053F3FBE239FF03700A30F6E /* CentrumViewController.swift */; };
		053F3FC1239FF2E900A30F6E /* HervantaViewController.swift in Sources */ = {isa = PBXBuildFile; fileRef = 053F3FC0239FF2E900A30F6E /* HervantaViewController.swift */; };
		053F3FC3239FF31400A30F6E /* TAYSViewController.swift in Sources */ = {isa = PBXBuildFile; fileRef = 053F3FC2239FF31400A30F6E /* TAYSViewController.swift */; };
		053F3FC5239FF7EC00A30F6E /* MenuDownloader.swift in Sources */ = {isa = PBXBuildFile; fileRef = 053F3FC4239FF7EC00A30F6E /* MenuDownloader.swift */; };
		053F3FC8239FFD5F00A30F6E /* LinnaMenu.swift in Sources */ = {isa = PBXBuildFile; fileRef = 053F3FC7239FFD5F00A30F6E /* LinnaMenu.swift */; };
		053F3FCB23A002E700A30F6E /* Meal.swift in Sources */ = {isa = PBXBuildFile; fileRef = 053F3FCA23A002E700A30F6E /* Meal.swift */; };
		0541F76F2421114F0050483E /* JuvenesUrlGenerator.swift in Sources */ = {isa = PBXBuildFile; fileRef = 0541F76E2421114F0050483E /* JuvenesUrlGenerator.swift */; };
		055E09C623A41BD500378F36 /* MinervaMenu.swift in Sources */ = {isa = PBXBuildFile; fileRef = 055E09C523A41BD500378F36 /* MinervaMenu.swift */; };
		05852FE023E1BF9C004457D1 /* Assets.xcassets in Resources */ = {isa = PBXBuildFile; fileRef = 05852FDF23E1BF9C004457D1 /* Assets.xcassets */; };
		93EA3556FA92CB85B4CA45FA /* Pods_TuniEat.framework in Frameworks */ = {isa = PBXBuildFile; fileRef = 071F8EEBBDED7EBB04D2F1B8 /* Pods_TuniEat.framework */; };
/* End PBXBuildFile section */

/* Begin PBXFileReference section */
		0513C36F23E99FFE00E01966 /* MenuTools.swift */ = {isa = PBXFileReference; lastKnownFileType = sourcecode.swift; path = MenuTools.swift; sourceTree = "<group>"; };
		0532770A23FC12D5002DC1BF /* JuvenesMenu.swift */ = {isa = PBXFileReference; lastKnownFileType = sourcecode.swift; path = JuvenesMenu.swift; sourceTree = "<group>"; };
		05363E9223E174EE00629FA6 /* Colors.xcassets */ = {isa = PBXFileReference; lastKnownFileType = folder.assetcatalog; path = Colors.xcassets; sourceTree = "<group>"; };
		053A4ABF23AD0B38008262BB /* MenuCell.swift */ = {isa = PBXFileReference; lastKnownFileType = sourcecode.swift; path = MenuCell.swift; sourceTree = "<group>"; };
		053F3FA5239FEECE00A30F6E /* TuniEat.app */ = {isa = PBXFileReference; explicitFileType = wrapper.application; includeInIndex = 0; path = TuniEat.app; sourceTree = BUILT_PRODUCTS_DIR; };
		053F3FA8239FEECE00A30F6E /* AppDelegate.swift */ = {isa = PBXFileReference; lastKnownFileType = sourcecode.swift; path = AppDelegate.swift; sourceTree = "<group>"; };
		053F3FB1239FEECF00A30F6E /* Preview Assets.xcassets */ = {isa = PBXFileReference; lastKnownFileType = folder.assetcatalog; path = "Preview Assets.xcassets"; sourceTree = "<group>"; };
		053F3FB4239FEECF00A30F6E /* Base */ = {isa = PBXFileReference; lastKnownFileType = file.storyboard; name = Base; path = Base.lproj/LaunchScreen.storyboard; sourceTree = "<group>"; };
		053F3FB6239FEECF00A30F6E /* Info.plist */ = {isa = PBXFileReference; lastKnownFileType = text.plist.xml; path = Info.plist; sourceTree = "<group>"; };
		053F3FBC239FEFDD00A30F6E /* CustomTabBarController.swift */ = {isa = PBXFileReference; lastKnownFileType = sourcecode.swift; path = CustomTabBarController.swift; sourceTree = "<group>"; };
		053F3FBE239FF03700A30F6E /* CentrumViewController.swift */ = {isa = PBXFileReference; lastKnownFileType = sourcecode.swift; path = CentrumViewController.swift; sourceTree = "<group>"; };
		053F3FC0239FF2E900A30F6E /* HervantaViewController.swift */ = {isa = PBXFileReference; lastKnownFileType = sourcecode.swift; path = HervantaViewController.swift; sourceTree = "<group>"; };
		053F3FC2239FF31400A30F6E /* TAYSViewController.swift */ = {isa = PBXFileReference; lastKnownFileType = sourcecode.swift; path = TAYSViewController.swift; sourceTree = "<group>"; };
		053F3FC4239FF7EC00A30F6E /* MenuDownloader.swift */ = {isa = PBXFileReference; lastKnownFileType = sourcecode.swift; path = MenuDownloader.swift; sourceTree = "<group>"; };
		053F3FC7239FFD5F00A30F6E /* LinnaMenu.swift */ = {isa = PBXFileReference; lastKnownFileType = sourcecode.swift; path = LinnaMenu.swift; sourceTree = "<group>"; };
		053F3FCA23A002E700A30F6E /* Meal.swift */ = {isa = PBXFileReference; lastKnownFileType = sourcecode.swift; path = Meal.swift; sourceTree = "<group>"; };
		0541F76E2421114F0050483E /* JuvenesUrlGenerator.swift */ = {isa = PBXFileReference; lastKnownFileType = sourcecode.swift; path = JuvenesUrlGenerator.swift; sourceTree = "<group>"; };
		055E09C523A41BD500378F36 /* MinervaMenu.swift */ = {isa = PBXFileReference; lastKnownFileType = sourcecode.swift; path = MinervaMenu.swift; sourceTree = "<group>"; };
		05852FDF23E1BF9C004457D1 /* Assets.xcassets */ = {isa = PBXFileReference; lastKnownFileType = folder.assetcatalog; name = Assets.xcassets; path = ../../../../../../Downloads/AppIcons/Assets.xcassets; sourceTree = "<group>"; };
		071F8EEBBDED7EBB04D2F1B8 /* Pods_TuniEat.framework */ = {isa = PBXFileReference; explicitFileType = wrapper.framework; includeInIndex = 0; path = Pods_TuniEat.framework; sourceTree = BUILT_PRODUCTS_DIR; };
		7AFD86193F3FA60CD3A1608B /* Pods-TuniEat.release.xcconfig */ = {isa = PBXFileReference; includeInIndex = 1; lastKnownFileType = text.xcconfig; name = "Pods-TuniEat.release.xcconfig"; path = "Target Support Files/Pods-TuniEat/Pods-TuniEat.release.xcconfig"; sourceTree = "<group>"; };
		F91B6DA7B4B59B21A9F2202F /* Pods-TuniEat.debug.xcconfig */ = {isa = PBXFileReference; includeInIndex = 1; lastKnownFileType = text.xcconfig; name = "Pods-TuniEat.debug.xcconfig"; path = "Target Support Files/Pods-TuniEat/Pods-TuniEat.debug.xcconfig"; sourceTree = "<group>"; };
/* End PBXFileReference section */

/* Begin PBXFrameworksBuildPhase section */
		053F3FA2239FEECE00A30F6E /* Frameworks */ = {
			isa = PBXFrameworksBuildPhase;
			buildActionMask = 2147483647;
			files = (
				93EA3556FA92CB85B4CA45FA /* Pods_TuniEat.framework in Frameworks */,
			);
			runOnlyForDeploymentPostprocessing = 0;
		};
/* End PBXFrameworksBuildPhase section */

/* Begin PBXGroup section */
		0532770723FC10BE002DC1BF /* Utils */ = {
			isa = PBXGroup;
			children = (
				053F3FC4239FF7EC00A30F6E /* MenuDownloader.swift */,
				0513C36F23E99FFE00E01966 /* MenuTools.swift */,
				0541F76E2421114F0050483E /* JuvenesUrlGenerator.swift */,
			);
			path = Utils;
			sourceTree = "<group>";
		};
		05363E9423E174F600629FA6 /* Assets */ = {
			isa = PBXGroup;
			children = (
				05852FDF23E1BF9C004457D1 /* Assets.xcassets */,
				05363E9223E174EE00629FA6 /* Colors.xcassets */,
			);
			path = Assets;
			sourceTree = "<group>";
		};
		05363E9523E1782C00629FA6 /* ViewControllers */ = {
			isa = PBXGroup;
			children = (
				053F3FBC239FEFDD00A30F6E /* CustomTabBarController.swift */,
				053F3FBE239FF03700A30F6E /* CentrumViewController.swift */,
				053F3FC0239FF2E900A30F6E /* HervantaViewController.swift */,
				053F3FC2239FF31400A30F6E /* TAYSViewController.swift */,
			);
			path = ViewControllers;
			sourceTree = "<group>";
		};
		053F3F9C239FEECE00A30F6E = {
			isa = PBXGroup;
			children = (
				053F3FA7239FEECE00A30F6E /* TuniEat */,
				053F3FA6239FEECE00A30F6E /* Products */,
				F4D3140353867A92CE07920B /* Pods */,
				6E6F4CA48CD22B0D526F3C57 /* Frameworks */,
			);
			sourceTree = "<group>";
		};
		053F3FA6239FEECE00A30F6E /* Products */ = {
			isa = PBXGroup;
			children = (
				053F3FA5239FEECE00A30F6E /* TuniEat.app */,
			);
			name = Products;
			sourceTree = "<group>";
		};
		053F3FA7239FEECE00A30F6E /* TuniEat */ = {
			isa = PBXGroup;
			children = (
				0532770723FC10BE002DC1BF /* Utils */,
				05363E9423E174F600629FA6 /* Assets */,
				05D877F323A1985D00253288 /* UI */,
				053F3FC923A002DA00A30F6E /* ViewModels */,
				053F3FC6239FFD5100A30F6E /* Menus */,
				053F3FA8239FEECE00A30F6E /* AppDelegate.swift */,
				053F3FB3239FEECF00A30F6E /* LaunchScreen.storyboard */,
				053F3FB6239FEECF00A30F6E /* Info.plist */,
				053F3FB0239FEECF00A30F6E /* Preview Content */,
			);
			path = TuniEat;
			sourceTree = "<group>";
		};
		053F3FB0239FEECF00A30F6E /* Preview Content */ = {
			isa = PBXGroup;
			children = (
				053F3FB1239FEECF00A30F6E /* Preview Assets.xcassets */,
			);
			path = "Preview Content";
			sourceTree = "<group>";
		};
		053F3FC6239FFD5100A30F6E /* Menus */ = {
			isa = PBXGroup;
			children = (
				053F3FC7239FFD5F00A30F6E /* LinnaMenu.swift */,
				055E09C523A41BD500378F36 /* MinervaMenu.swift */,
				0532770A23FC12D5002DC1BF /* JuvenesMenu.swift */,
			);
			path = Menus;
			sourceTree = "<group>";
		};
		053F3FC923A002DA00A30F6E /* ViewModels */ = {
			isa = PBXGroup;
			children = (
				053F3FCA23A002E700A30F6E /* Meal.swift */,
			);
			path = ViewModels;
			sourceTree = "<group>";
		};
		05D877F323A1985D00253288 /* UI */ = {
			isa = PBXGroup;
			children = (
				05363E9523E1782C00629FA6 /* ViewControllers */,
				053A4ABF23AD0B38008262BB /* MenuCell.swift */,
			);
			path = UI;
			sourceTree = "<group>";
		};
		6E6F4CA48CD22B0D526F3C57 /* Frameworks */ = {
			isa = PBXGroup;
			children = (
				071F8EEBBDED7EBB04D2F1B8 /* Pods_TuniEat.framework */,
			);
			name = Frameworks;
			sourceTree = "<group>";
		};
		F4D3140353867A92CE07920B /* Pods */ = {
			isa = PBXGroup;
			children = (
				F91B6DA7B4B59B21A9F2202F /* Pods-TuniEat.debug.xcconfig */,
				7AFD86193F3FA60CD3A1608B /* Pods-TuniEat.release.xcconfig */,
			);
			path = Pods;
			sourceTree = "<group>";
		};
/* End PBXGroup section */

/* Begin PBXNativeTarget section */
		053F3FA4239FEECE00A30F6E /* TuniEat */ = {
			isa = PBXNativeTarget;
			buildConfigurationList = 053F3FB9239FEECF00A30F6E /* Build configuration list for PBXNativeTarget "TuniEat" */;
			buildPhases = (
				6C14A7AD5596478A2D90AFE7 /* [CP] Check Pods Manifest.lock */,
				053F3FA1239FEECE00A30F6E /* Sources */,
				053F3FA2239FEECE00A30F6E /* Frameworks */,
				053F3FA3239FEECE00A30F6E /* Resources */,
				A4D0FE7C89B4867CAB6BCDF1 /* [CP] Embed Pods Frameworks */,
			);
			buildRules = (
			);
			dependencies = (
			);
			name = TuniEat;
			productName = TuniEat;
			productReference = 053F3FA5239FEECE00A30F6E /* TuniEat.app */;
			productType = "com.apple.product-type.application";
		};
/* End PBXNativeTarget section */

/* Begin PBXProject section */
		053F3F9D239FEECE00A30F6E /* Project object */ = {
			isa = PBXProject;
			attributes = {
				LastSwiftUpdateCheck = 1100;
				LastUpgradeCheck = 1200;
				ORGANIZATIONNAME = "Valtteri Vuori";
				TargetAttributes = {
					053F3FA4239FEECE00A30F6E = {
						CreatedOnToolsVersion = 11.0;
					};
				};
			};
			buildConfigurationList = 053F3FA0239FEECE00A30F6E /* Build configuration list for PBXProject "TuniEat" */;
			compatibilityVersion = "Xcode 9.3";
			developmentRegion = en;
			hasScannedForEncodings = 0;
			knownRegions = (
				en,
				Base,
			);
			mainGroup = 053F3F9C239FEECE00A30F6E;
			productRefGroup = 053F3FA6239FEECE00A30F6E /* Products */;
			projectDirPath = "";
			projectRoot = "";
			targets = (
				053F3FA4239FEECE00A30F6E /* TuniEat */,
			);
		};
/* End PBXProject section */

/* Begin PBXResourcesBuildPhase section */
		053F3FA3239FEECE00A30F6E /* Resources */ = {
			isa = PBXResourcesBuildPhase;
			buildActionMask = 2147483647;
			files = (
				053F3FB5239FEECF00A30F6E /* LaunchScreen.storyboard in Resources */,
				05363E9323E174EE00629FA6 /* Colors.xcassets in Resources */,
				053F3FB2239FEECF00A30F6E /* Preview Assets.xcassets in Resources */,
				05852FE023E1BF9C004457D1 /* Assets.xcassets in Resources */,
			);
			runOnlyForDeploymentPostprocessing = 0;
		};
/* End PBXResourcesBuildPhase section */

/* Begin PBXShellScriptBuildPhase section */
		6C14A7AD5596478A2D90AFE7 /* [CP] Check Pods Manifest.lock */ = {
			isa = PBXShellScriptBuildPhase;
			buildActionMask = 2147483647;
			files = (
			);
			inputFileListPaths = (
			);
			inputPaths = (
				"${PODS_PODFILE_DIR_PATH}/Podfile.lock",
				"${PODS_ROOT}/Manifest.lock",
			);
			name = "[CP] Check Pods Manifest.lock";
			outputFileListPaths = (
			);
			outputPaths = (
				"$(DERIVED_FILE_DIR)/Pods-TuniEat-checkManifestLockResult.txt",
			);
			runOnlyForDeploymentPostprocessing = 0;
			shellPath = /bin/sh;
			shellScript = "diff \"${PODS_PODFILE_DIR_PATH}/Podfile.lock\" \"${PODS_ROOT}/Manifest.lock\" > /dev/null\nif [ $? != 0 ] ; then\n    # print error to STDERR\n    echo \"error: The sandbox is not in sync with the Podfile.lock. Run 'pod install' or update your CocoaPods installation.\" >&2\n    exit 1\nfi\n# This output is used by Xcode 'outputs' to avoid re-running this script phase.\necho \"SUCCESS\" > \"${SCRIPT_OUTPUT_FILE_0}\"\n";
			showEnvVarsInLog = 0;
		};
		A4D0FE7C89B4867CAB6BCDF1 /* [CP] Embed Pods Frameworks */ = {
			isa = PBXShellScriptBuildPhase;
			buildActionMask = 2147483647;
			files = (
			);
			inputFileListPaths = (
				"${PODS_ROOT}/Target Support Files/Pods-TuniEat/Pods-TuniEat-frameworks-${CONFIGURATION}-input-files.xcfilelist",
			);
			name = "[CP] Embed Pods Frameworks";
			outputFileListPaths = (
				"${PODS_ROOT}/Target Support Files/Pods-TuniEat/Pods-TuniEat-frameworks-${CONFIGURATION}-output-files.xcfilelist",
			);
			runOnlyForDeploymentPostprocessing = 0;
			shellPath = /bin/sh;
			shellScript = "\"${PODS_ROOT}/Target Support Files/Pods-TuniEat/Pods-TuniEat-frameworks.sh\"\n";
			showEnvVarsInLog = 0;
		};
/* End PBXShellScriptBuildPhase section */

/* Begin PBXSourcesBuildPhase section */
		053F3FA1239FEECE00A30F6E /* Sources */ = {
			isa = PBXSourcesBuildPhase;
			buildActionMask = 2147483647;
			files = (
				053F3FC5239FF7EC00A30F6E /* MenuDownloader.swift in Sources */,
				053F3FC8239FFD5F00A30F6E /* LinnaMenu.swift in Sources */,
				053F3FA9239FEECE00A30F6E /* AppDelegate.swift in Sources */,
				0532770B23FC12D5002DC1BF /* JuvenesMenu.swift in Sources */,
				053F3FCB23A002E700A30F6E /* Meal.swift in Sources */,
				053F3FC1239FF2E900A30F6E /* HervantaViewController.swift in Sources */,
				055E09C623A41BD500378F36 /* MinervaMenu.swift in Sources */,
				0513C37023E99FFE00E01966 /* MenuTools.swift in Sources */,
				053A4AC023AD0B38008262BB /* MenuCell.swift in Sources */,
				053F3FBD239FEFDD00A30F6E /* CustomTabBarController.swift in Sources */,
				0541F76F2421114F0050483E /* JuvenesUrlGenerator.swift in Sources */,
				053F3FBF239FF03700A30F6E /* CentrumViewController.swift in Sources */,
				053F3FC3239FF31400A30F6E /* TAYSViewController.swift in Sources */,
			);
			runOnlyForDeploymentPostprocessing = 0;
		};
/* End PBXSourcesBuildPhase section */

/* Begin PBXVariantGroup section */
		053F3FB3239FEECF00A30F6E /* LaunchScreen.storyboard */ = {
			isa = PBXVariantGroup;
			children = (
				053F3FB4239FEECF00A30F6E /* Base */,
			);
			name = LaunchScreen.storyboard;
			sourceTree = "<group>";
		};
/* End PBXVariantGroup section */

/* Begin XCBuildConfiguration section */
		053F3FB7239FEECF00A30F6E /* Debug */ = {
			isa = XCBuildConfiguration;
			buildSettings = {
				ALWAYS_SEARCH_USER_PATHS = NO;
				CLANG_ANALYZER_NONNULL = YES;
				CLANG_ANALYZER_NUMBER_OBJECT_CONVERSION = YES_AGGRESSIVE;
				CLANG_CXX_LANGUAGE_STANDARD = "gnu++14";
				CLANG_CXX_LIBRARY = "libc++";
				CLANG_ENABLE_MODULES = YES;
				CLANG_ENABLE_OBJC_ARC = YES;
				CLANG_ENABLE_OBJC_WEAK = YES;
				CLANG_WARN_BLOCK_CAPTURE_AUTORELEASING = YES;
				CLANG_WARN_BOOL_CONVERSION = YES;
				CLANG_WARN_COMMA = YES;
				CLANG_WARN_CONSTANT_CONVERSION = YES;
				CLANG_WARN_DEPRECATED_OBJC_IMPLEMENTATIONS = YES;
				CLANG_WARN_DIRECT_OBJC_ISA_USAGE = YES_ERROR;
				CLANG_WARN_DOCUMENTATION_COMMENTS = YES;
				CLANG_WARN_EMPTY_BODY = YES;
				CLANG_WARN_ENUM_CONVERSION = YES;
				CLANG_WARN_INFINITE_RECURSION = YES;
				CLANG_WARN_INT_CONVERSION = YES;
				CLANG_WARN_NON_LITERAL_NULL_CONVERSION = YES;
				CLANG_WARN_OBJC_IMPLICIT_RETAIN_SELF = YES;
				CLANG_WARN_OBJC_LITERAL_CONVERSION = YES;
				CLANG_WARN_OBJC_ROOT_CLASS = YES_ERROR;
				CLANG_WARN_QUOTED_INCLUDE_IN_FRAMEWORK_HEADER = YES;
				CLANG_WARN_RANGE_LOOP_ANALYSIS = YES;
				CLANG_WARN_STRICT_PROTOTYPES = YES;
				CLANG_WARN_SUSPICIOUS_MOVE = YES;
				CLANG_WARN_UNGUARDED_AVAILABILITY = YES_AGGRESSIVE;
				CLANG_WARN_UNREACHABLE_CODE = YES;
				CLANG_WARN__DUPLICATE_METHOD_MATCH = YES;
				COPY_PHASE_STRIP = NO;
				DEBUG_INFORMATION_FORMAT = dwarf;
				ENABLE_STRICT_OBJC_MSGSEND = YES;
				ENABLE_TESTABILITY = YES;
				GCC_C_LANGUAGE_STANDARD = gnu11;
				GCC_DYNAMIC_NO_PIC = NO;
				GCC_NO_COMMON_BLOCKS = YES;
				GCC_OPTIMIZATION_LEVEL = 0;
				GCC_PREPROCESSOR_DEFINITIONS = (
					"DEBUG=1",
					"$(inherited)",
				);
				GCC_WARN_64_TO_32_BIT_CONVERSION = YES;
				GCC_WARN_ABOUT_RETURN_TYPE = YES_ERROR;
				GCC_WARN_UNDECLARED_SELECTOR = YES;
				GCC_WARN_UNINITIALIZED_AUTOS = YES_AGGRESSIVE;
				GCC_WARN_UNUSED_FUNCTION = YES;
				GCC_WARN_UNUSED_VARIABLE = YES;
				IPHONEOS_DEPLOYMENT_TARGET = 13.0;
				MTL_ENABLE_DEBUG_INFO = INCLUDE_SOURCE;
				MTL_FAST_MATH = YES;
				ONLY_ACTIVE_ARCH = YES;
				SDKROOT = iphoneos;
				SWIFT_ACTIVE_COMPILATION_CONDITIONS = DEBUG;
				SWIFT_OPTIMIZATION_LEVEL = "-Onone";
			};
			name = Debug;
		};
		053F3FB8239FEECF00A30F6E /* Release */ = {
			isa = XCBuildConfiguration;
			buildSettings = {
				ALWAYS_SEARCH_USER_PATHS = NO;
				CLANG_ANALYZER_NONNULL = YES;
				CLANG_ANALYZER_NUMBER_OBJECT_CONVERSION = YES_AGGRESSIVE;
				CLANG_CXX_LANGUAGE_STANDARD = "gnu++14";
				CLANG_CXX_LIBRARY = "libc++";
				CLANG_ENABLE_MODULES = YES;
				CLANG_ENABLE_OBJC_ARC = YES;
				CLANG_ENABLE_OBJC_WEAK = YES;
				CLANG_WARN_BLOCK_CAPTURE_AUTORELEASING = YES;
				CLANG_WARN_BOOL_CONVERSION = YES;
				CLANG_WARN_COMMA = YES;
				CLANG_WARN_CONSTANT_CONVERSION = YES;
				CLANG_WARN_DEPRECATED_OBJC_IMPLEMENTATIONS = YES;
				CLANG_WARN_DIRECT_OBJC_ISA_USAGE = YES_ERROR;
				CLANG_WARN_DOCUMENTATION_COMMENTS = YES;
				CLANG_WARN_EMPTY_BODY = YES;
				CLANG_WARN_ENUM_CONVERSION = YES;
				CLANG_WARN_INFINITE_RECURSION = YES;
				CLANG_WARN_INT_CONVERSION = YES;
				CLANG_WARN_NON_LITERAL_NULL_CONVERSION = YES;
				CLANG_WARN_OBJC_IMPLICIT_RETAIN_SELF = YES;
				CLANG_WARN_OBJC_LITERAL_CONVERSION = YES;
				CLANG_WARN_OBJC_ROOT_CLASS = YES_ERROR;
				CLANG_WARN_QUOTED_INCLUDE_IN_FRAMEWORK_HEADER = YES;
				CLANG_WARN_RANGE_LOOP_ANALYSIS = YES;
				CLANG_WARN_STRICT_PROTOTYPES = YES;
				CLANG_WARN_SUSPICIOUS_MOVE = YES;
				CLANG_WARN_UNGUARDED_AVAILABILITY = YES_AGGRESSIVE;
				CLANG_WARN_UNREACHABLE_CODE = YES;
				CLANG_WARN__DUPLICATE_METHOD_MATCH = YES;
				COPY_PHASE_STRIP = NO;
				DEBUG_INFORMATION_FORMAT = "dwarf-with-dsym";
				ENABLE_NS_ASSERTIONS = NO;
				ENABLE_STRICT_OBJC_MSGSEND = YES;
				GCC_C_LANGUAGE_STANDARD = gnu11;
				GCC_NO_COMMON_BLOCKS = YES;
				GCC_WARN_64_TO_32_BIT_CONVERSION = YES;
				GCC_WARN_ABOUT_RETURN_TYPE = YES_ERROR;
				GCC_WARN_UNDECLARED_SELECTOR = YES;
				GCC_WARN_UNINITIALIZED_AUTOS = YES_AGGRESSIVE;
				GCC_WARN_UNUSED_FUNCTION = YES;
				GCC_WARN_UNUSED_VARIABLE = YES;
				IPHONEOS_DEPLOYMENT_TARGET = 13.0;
				MTL_ENABLE_DEBUG_INFO = NO;
				MTL_FAST_MATH = YES;
				SDKROOT = iphoneos;
				SWIFT_COMPILATION_MODE = wholemodule;
				SWIFT_OPTIMIZATION_LEVEL = "-O";
				VALIDATE_PRODUCT = YES;
			};
			name = Release;
		};
		053F3FBA239FEECF00A30F6E /* Debug */ = {
			isa = XCBuildConfiguration;
			baseConfigurationReference = F91B6DA7B4B59B21A9F2202F /* Pods-TuniEat.debug.xcconfig */;
			buildSettings = {
				ASSETCATALOG_COMPILER_APPICON_NAME = AppIcon;
				CODE_SIGN_STYLE = Automatic;
				DEVELOPMENT_ASSET_PATHS = "\"TuniEat/Preview Content\"";
				DEVELOPMENT_TEAM = BACNHCA8W2;
				ENABLE_PREVIEWS = YES;
				INFOPLIST_FILE = TuniEat/Info.plist;
				IPHONEOS_DEPLOYMENT_TARGET = 12.0;
				LD_RUNPATH_SEARCH_PATHS = (
					"$(inherited)",
					"@executable_path/Frameworks",
				);
				PRODUCT_BUNDLE_IDENTIFIER = valtteri.TuniEat;
				PRODUCT_NAME = "$(TARGET_NAME)";
				SWIFT_VERSION = 5.0;
				TARGETED_DEVICE_FAMILY = 1;
			};
			name = Debug;
		};
		053F3FBB239FEECF00A30F6E /* Release */ = {
			isa = XCBuildConfiguration;
			baseConfigurationReference = 7AFD86193F3FA60CD3A1608B /* Pods-TuniEat.release.xcconfig */;
			buildSettings = {
				ASSETCATALOG_COMPILER_APPICON_NAME = AppIcon;
				CODE_SIGN_STYLE = Automatic;
				DEVELOPMENT_ASSET_PATHS = "\"TuniEat/Preview Content\"";
				DEVELOPMENT_TEAM = BACNHCA8W2;
				ENABLE_PREVIEWS = YES;
				INFOPLIST_FILE = TuniEat/Info.plist;
				IPHONEOS_DEPLOYMENT_TARGET = 12.0;
				LD_RUNPATH_SEARCH_PATHS = (
					"$(inherited)",
					"@executable_path/Frameworks",
				);
				PRODUCT_BUNDLE_IDENTIFIER = valtteri.TuniEat;
				PRODUCT_NAME = "$(TARGET_NAME)";
				SWIFT_VERSION = 5.0;
				TARGETED_DEVICE_FAMILY = 1;
			};
			name = Release;
		};
/* End XCBuildConfiguration section */

/* Begin XCConfigurationList section */
		053F3FA0239FEECE00A30F6E /* Build configuration list for PBXProject "TuniEat" */ = {
			isa = XCConfigurationList;
			buildConfigurations = (
				053F3FB7239FEECF00A30F6E /* Debug */,
				053F3FB8239FEECF00A30F6E /* Release */,
			);
			defaultConfigurationIsVisible = 0;
			defaultConfigurationName = Release;
		};
		053F3FB9239FEECF00A30F6E /* Build configuration list for PBXNativeTarget "TuniEat" */ = {
			isa = XCConfigurationList;
			buildConfigurations = (
				053F3FBA239FEECF00A30F6E /* Debug */,
				053F3FBB239FEECF00A30F6E /* Release */,
			);
			defaultConfigurationIsVisible = 0;
			defaultConfigurationName = Release;
		};
/* End XCConfigurationList section */
	};
	rootObject = 053F3F9D239FEECE00A30F6E /* Project object */;
}
